{
  "originHash" : "3d93b6dcf0a4c463559f4c4b9f7803e6ab60f399c95b288f0f3aae9a87d91ebf",
  "pins" : [
    {
      "identity" : "alamofire",
      "kind" : "remoteSourceControl",
      "location" : "https://github.com/Alamofire/Alamofire",
      "state" : {
        "revision" : "f455c2975872ccd2d9c81594c658af65716e9b9a",
        "version" : "5.9.1"
      }
    },
    {
      "identity" : "rxswift",
      "kind" : "remoteSourceControl",
      "location" : "https://github.com/ReactiveX/RxSwift.git",
      "state" : {
        "revision" : "9dcaa4b333db437b0fbfaf453fad29069044a8b4",
        "version" : "6.6.0"
      }
    },
    {
      "identity" : "snapkit",
      "kind" : "remoteSourceControl",
      "location" : "https://github.com/SnapKit/SnapKit.git",
      "state" : {
        "revision" : "f222cbdf325885926566172f6f5f06af95473158",
        "version" : "5.6.0"
      }
    }
  ],
  "version" : 3
}
